// !$*UTF8*$!
{
	archiveVersion = 1;
	classes = {
	};
	objectVersion = 46;
	objects = {

/* Begin PBXBuildFile section */
		8A1327F6212D708C0060AC05 /* Triangle.cpp in Sources */ = {isa = PBXBuildFile; fileRef = 8A1327F4212D708C0060AC05 /* Triangle.cpp */; };
		8A5601562119B23D00D69700 /* main.cpp in Sources */ = {isa = PBXBuildFile; fileRef = 8A5601552119B23C00D69700 /* main.cpp */; };
		8A56015E2119B31000D69700 /* Vector.cpp in Sources */ = {isa = PBXBuildFile; fileRef = 8A56015D2119B31000D69700 /* Vector.cpp */; };
		8A5601612119B48E00D69700 /* Matrix.cpp in Sources */ = {isa = PBXBuildFile; fileRef = 8A5601602119B48E00D69700 /* Matrix.cpp */; };
		8A560164211AFF7200D69700 /* Direction.cpp in Sources */ = {isa = PBXBuildFile; fileRef = 8A560162211AFF6F00D69700 /* Direction.cpp */; };
		8A560167211AFF9500D69700 /* Point.cpp in Sources */ = {isa = PBXBuildFile; fileRef = 8A560165211AFF9500D69700 /* Point.cpp */; };
		8A84D8B62120FF7300DC938F /* Camera.cpp in Sources */ = {isa = PBXBuildFile; fileRef = 8A84D8B42120FF7300DC938F /* Camera.cpp */; };
/* End PBXBuildFile section */

/* Begin PBXCopyFilesBuildPhase section */
		8A5601502119B23700D69700 /* CopyFiles */ = {
			isa = PBXCopyFilesBuildPhase;
			buildActionMask = 2147483647;
			dstPath = /usr/share/man/man1/;
			dstSubfolderSpec = 0;
			files = (
			);
			runOnlyForDeploymentPostprocessing = 1;
		};
/* End PBXCopyFilesBuildPhase section */

/* Begin PBXFileReference section */
		8A1327F4212D708C0060AC05 /* Triangle.cpp */ = {isa = PBXFileReference; fileEncoding = 4; lastKnownFileType = sourcecode.cpp.cpp; path = Triangle.cpp; sourceTree = "<group>"; };
		8A1327F5212D708C0060AC05 /* Triangle.hpp */ = {isa = PBXFileReference; fileEncoding = 4; lastKnownFileType = sourcecode.cpp.h; path = Triangle.hpp; sourceTree = "<group>"; };
		8A5601522119B23900D69700 /* Rasteriser */ = {isa = PBXFileReference; explicitFileType = "compiled.mach-o.executable"; includeInIndex = 0; path = Rasteriser; sourceTree = BUILT_PRODUCTS_DIR; };
		8A5601552119B23C00D69700 /* main.cpp */ = {isa = PBXFileReference; lastKnownFileType = sourcecode.cpp.cpp; path = main.cpp; sourceTree = "<group>"; };
		8A56015C2119B27A00D69700 /* Vector.hpp */ = {isa = PBXFileReference; lastKnownFileType = sourcecode.cpp.h; path = Vector.hpp; sourceTree = "<group>"; };
		8A56015D2119B31000D69700 /* Vector.cpp */ = {isa = PBXFileReference; fileEncoding = 4; lastKnownFileType = sourcecode.cpp.cpp; path = Vector.cpp; sourceTree = "<group>"; };
		8A56015F2119B34700D69700 /* Matrix.hpp */ = {isa = PBXFileReference; lastKnownFileType = sourcecode.cpp.h; path = Matrix.hpp; sourceTree = "<group>"; };
		8A5601602119B48E00D69700 /* Matrix.cpp */ = {isa = PBXFileReference; fileEncoding = 4; lastKnownFileType = sourcecode.cpp.cpp; path = Matrix.cpp; sourceTree = "<group>"; };
		8A560162211AFF6F00D69700 /* Direction.cpp */ = {isa = PBXFileReference; fileEncoding = 4; lastKnownFileType = sourcecode.cpp.cpp; path = Direction.cpp; sourceTree = "<group>"; };
		8A560163211AFF7000D69700 /* Direction.hpp */ = {isa = PBXFileReference; fileEncoding = 4; lastKnownFileType = sourcecode.cpp.h; path = Direction.hpp; sourceTree = "<group>"; };
		8A560165211AFF9500D69700 /* Point.cpp */ = {isa = PBXFileReference; fileEncoding = 4; lastKnownFileType = sourcecode.cpp.cpp; path = Point.cpp; sourceTree = "<group>"; };
		8A560166211AFF9500D69700 /* Point.hpp */ = {isa = PBXFileReference; fileEncoding = 4; lastKnownFileType = sourcecode.cpp.h; path = Point.hpp; sourceTree = "<group>"; };
		8A84D8B42120FF7300DC938F /* Camera.cpp */ = {isa = PBXFileReference; fileEncoding = 4; lastKnownFileType = sourcecode.cpp.cpp; path = Camera.cpp; sourceTree = "<group>"; };
		8A84D8B52120FF7300DC938F /* Camera.hpp */ = {isa = PBXFileReference; fileEncoding = 4; lastKnownFileType = sourcecode.cpp.h; path = Camera.hpp; sourceTree = "<group>"; };
/* End PBXFileReference section */

/* Begin PBXFrameworksBuildPhase section */
		8A56014F2119B23700D69700 /* Frameworks */ = {
			isa = PBXFrameworksBuildPhase;
			buildActionMask = 2147483647;
			files = (
			);
			runOnlyForDeploymentPostprocessing = 0;
		};
/* End PBXFrameworksBuildPhase section */

/* Begin PBXGroup section */
		8A5601492119B23400D69700 = {
			isa = PBXGroup;
			children = (
				8A5601542119B23900D69700 /* Rasteriser */,
				8A5601532119B23900D69700 /* Products */,
			);
			sourceTree = "<group>";
		};
		8A5601532119B23900D69700 /* Products */ = {
			isa = PBXGroup;
			children = (
				8A5601522119B23900D69700 /* Rasteriser */,
			);
			name = Products;
			sourceTree = "<group>";
		};
		8A5601542119B23900D69700 /* Rasteriser */ = {
			isa = PBXGroup;
			children = (
				8A5601552119B23C00D69700 /* main.cpp */,
				8A84D8B42120FF7300DC938F /* Camera.cpp */,
				8A1327F4212D708C0060AC05 /* Triangle.cpp */,
				8A1327F5212D708C0060AC05 /* Triangle.hpp */,
				8A84D8B52120FF7300DC938F /* Camera.hpp */,
				8A56015C2119B27A00D69700 /* Vector.hpp */,
				8A56015F2119B34700D69700 /* Matrix.hpp */,
				8A5601602119B48E00D69700 /* Matrix.cpp */,
				8A56015D2119B31000D69700 /* Vector.cpp */,
				8A560162211AFF6F00D69700 /* Direction.cpp */,
				8A560163211AFF7000D69700 /* Direction.hpp */,
				8A560165211AFF9500D69700 /* Point.cpp */,
				8A560166211AFF9500D69700 /* Point.hpp */,
			);
			path = Rasteriser;
			sourceTree = "<group>";
		};
/* End PBXGroup section */

/* Begin PBXNativeTarget section */
		8A5601512119B23700D69700 /* Rasteriser */ = {
			isa = PBXNativeTarget;
			buildConfigurationList = 8A5601592119B23D00D69700 /* Build configuration list for PBXNativeTarget "Rasteriser" */;
			buildPhases = (
				8A56014E2119B23700D69700 /* Sources */,
				8A56014F2119B23700D69700 /* Frameworks */,
				8A5601502119B23700D69700 /* CopyFiles */,
			);
			buildRules = (
			);
			dependencies = (
			);
			name = Rasteriser;
			productName = Rasteriser;
			productReference = 8A5601522119B23900D69700 /* Rasteriser */;
			productType = "com.apple.product-type.tool";
		};
/* End PBXNativeTarget section */

/* Begin PBXProject section */
		8A56014A2119B23500D69700 /* Project object */ = {
			isa = PBXProject;
			attributes = {
				LastUpgradeCheck = 0830;
				ORGANIZATIONNAME = "Finn Petrie";
				TargetAttributes = {
					8A5601512119B23700D69700 = {
						CreatedOnToolsVersion = 8.3.3;
						ProvisioningStyle = Automatic;
					};
				};
			};
			buildConfigurationList = 8A56014D2119B23500D69700 /* Build configuration list for PBXProject "Rasteriser" */;
			compatibilityVersion = "Xcode 3.2";
			developmentRegion = English;
			hasScannedForEncodings = 0;
			knownRegions = (
				en,
			);
			mainGroup = 8A5601492119B23400D69700;
			productRefGroup = 8A5601532119B23900D69700 /* Products */;
			projectDirPath = "";
			projectRoot = "";
			targets = (
				8A5601512119B23700D69700 /* Rasteriser */,
			);
		};
/* End PBXProject section */

/* Begin PBXSourcesBuildPhase section */
		8A56014E2119B23700D69700 /* Sources */ = {
			isa = PBXSourcesBuildPhase;
			buildActionMask = 2147483647;
			files = (
				8A5601612119B48E00D69700 /* Matrix.cpp in Sources */,
				8A56015E2119B31000D69700 /* Vector.cpp in Sources */,
				8A560167211AFF9500D69700 /* Point.cpp in Sources */,
				8A1327F6212D708C0060AC05 /* Triangle.cpp in Sources */,
				8A5601562119B23D00D69700 /* main.cpp in Sources */,
				8A84D8B62120FF7300DC938F /* Camera.cpp in Sources */,
				8A560164211AFF7200D69700 /* Direction.cpp in Sources */,
			);
			runOnlyForDeploymentPostprocessing = 0;
		};
/* End PBXSourcesBuildPhase section */

/* Begin XCBuildConfiguration section */
		8A5601572119B23D00D69700 /* Debug */ = {
			isa = XCBuildConfiguration;
			buildSettings = {
				ALWAYS_SEARCH_USER_PATHS = NO;
				CLANG_ANALYZER_NONNULL = YES;
				CLANG_ANALYZER_NUMBER_OBJECT_CONVERSION = YES_AGGRESSIVE;
				CLANG_CXX_LANGUAGE_STANDARD = "gnu++0x";
				CLANG_CXX_LIBRARY = "libc++";
				CLANG_ENABLE_MODULES = YES;
				CLANG_ENABLE_OBJC_ARC = YES;
				CLANG_WARN_BOOL_CONVERSION = YES;
				CLANG_WARN_CONSTANT_CONVERSION = YES;
				CLANG_WARN_DIRECT_OBJC_ISA_USAGE = YES_ERROR;
				CLANG_WARN_DOCUMENTATION_COMMENTS = YES;
				CLANG_WARN_EMPTY_BODY = YES;
				CLANG_WARN_ENUM_CONVERSION = YES;
				CLANG_WARN_INFINITE_RECURSION = YES;
				CLANG_WARN_INT_CONVERSION = YES;
				CLANG_WARN_OBJC_ROOT_CLASS = YES_ERROR;
				CLANG_WARN_SUSPICIOUS_MOVE = YES;
				CLANG_WARN_UNREACHABLE_CODE = YES;
				CLANG_WARN__DUPLICATE_METHOD_MATCH = YES;
				CODE_SIGN_IDENTITY = "-";
				COPY_PHASE_STRIP = NO;
				DEBUG_INFORMATION_FORMAT = dwarf;
				ENABLE_STRICT_OBJC_MSGSEND = YES;
				ENABLE_TESTABILITY = YES;
				GCC_C_LANGUAGE_STANDARD = gnu99;
				GCC_DYNAMIC_NO_PIC = NO;
				GCC_NO_COMMON_BLOCKS = YES;
				GCC_OPTIMIZATION_LEVEL = 0;
				GCC_PREPROCESSOR_DEFINITIONS = (
					"DEBUG=1",
					"$(inherited)",
				);
				GCC_WARN_64_TO_32_BIT_CONVERSION = YES;
				GCC_WARN_ABOUT_RETURN_TYPE = YES_ERROR;
				GCC_WARN_UNDECLARED_SELECTOR = YES;
				GCC_WARN_UNINITIALIZED_AUTOS = YES_AGGRESSIVE;
				GCC_WARN_UNUSED_FUNCTION = YES;
				GCC_WARN_UNUSED_VARIABLE = YES;
				MACOSX_DEPLOYMENT_TARGET = 10.12;
				MTL_ENABLE_DEBUG_INFO = YES;
				ONLY_ACTIVE_ARCH = YES;
				SDKROOT = macosx;
			};
			name = Debug;
		};
		8A5601582119B23D00D69700 /* Release */ = {
			isa = XCBuildConfiguration;
			buildSettings = {
				ALWAYS_SEARCH_USER_PATHS = NO;
				CLANG_ANALYZER_NONNULL = YES;
				CLANG_ANALYZER_NUMBER_OBJECT_CONVERSION = YES_AGGRESSIVE;
				CLANG_CXX_LANGUAGE_STANDARD = "gnu++0x";
				CLANG_CXX_LIBRARY = "libc++";
				CLANG_ENABLE_MODULES = YES;
				CLANG_ENABLE_OBJC_ARC = YES;
				CLANG_WARN_BOOL_CONVERSION = YES;
				CLANG_WARN_CONSTANT_CONVERSION = YES;
				CLANG_WARN_DIRECT_OBJC_ISA_USAGE = YES_ERROR;
				CLANG_WARN_DOCUMENTATION_COMMENTS = YES;
				CLANG_WARN_EMPTY_BODY = YES;
				CLANG_WARN_ENUM_CONVERSION = YES;
				CLANG_WARN_INFINITE_RECURSION = YES;
				CLANG_WARN_INT_CONVERSION = YES;
				CLANG_WARN_OBJC_ROOT_CLASS = YES_ERROR;
				CLANG_WARN_SUSPICIOUS_MOVE = YES;
				CLANG_WARN_UNREACHABLE_CODE = YES;
				CLANG_WARN__DUPLICATE_METHOD_MATCH = YES;
				CODE_SIGN_IDENTITY = "-";
				COPY_PHASE_STRIP = NO;
				DEBUG_INFORMATION_FORMAT = "dwarf-with-dsym";
				ENABLE_NS_ASSERTIONS = NO;
				ENABLE_STRICT_OBJC_MSGSEND = YES;
				GCC_C_LANGUAGE_STANDARD = gnu99;
				GCC_NO_COMMON_BLOCKS = YES;
				GCC_WARN_64_TO_32_BIT_CONVERSION = YES;
				GCC_WARN_ABOUT_RETURN_TYPE = YES_ERROR;
				GCC_WARN_UNDECLARED_SELECTOR = YES;
				GCC_WARN_UNINITIALIZED_AUTOS = YES_AGGRESSIVE;
				GCC_WARN_UNUSED_FUNCTION = YES;
				GCC_WARN_UNUSED_VARIABLE = YES;
				MACOSX_DEPLOYMENT_TARGET = 10.12;
				MTL_ENABLE_DEBUG_INFO = NO;
				SDKROOT = macosx;
			};
			name = Release;
		};
		8A56015A2119B23D00D69700 /* Debug */ = {
			isa = XCBuildConfiguration;
			buildSettings = {
				PRODUCT_NAME = "$(TARGET_NAME)";
			};
			name = Debug;
		};
		8A56015B2119B23D00D69700 /* Release */ = {
			isa = XCBuildConfiguration;
			buildSettings = {
				PRODUCT_NAME = "$(TARGET_NAME)";
			};
			name = Release;
		};
/* End XCBuildConfiguration section */

/* Begin XCConfigurationList section */
		8A56014D2119B23500D69700 /* Build configuration list for PBXProject "Rasteriser" */ = {
			isa = XCConfigurationList;
			buildConfigurations = (
				8A5601572119B23D00D69700 /* Debug */,
				8A5601582119B23D00D69700 /* Release */,
			);
			defaultConfigurationIsVisible = 0;
			defaultConfigurationName = Release;
		};
		8A5601592119B23D00D69700 /* Build configuration list for PBXNativeTarget "Rasteriser" */ = {
			isa = XCConfigurationList;
			buildConfigurations = (
				8A56015A2119B23D00D69700 /* Debug */,
				8A56015B2119B23D00D69700 /* Release */,
			);
			defaultConfigurationIsVisible = 0;
			defaultConfigurationName = Release;
		};
/* End XCConfigurationList section */
	};
	rootObject = 8A56014A2119B23500D69700 /* Project object */;
}
